
Microsoft Visual Studio Solution File, Format Version 12.00
# Visual Studio Version 17
VisualStudioVersion = 17.0.31612.314
MinimumVisualStudioVersion = 10.0.40219.1
Project("{9A19103F-16F7-4668-BE54-9A1E7A4F7556}") = "ShaclService", "ShaclService\ShaclService.csproj", "{A89C1B07-127F-4BC3-B421-EB918CCCE0E3}"
EndProject
Project("{2150E333-8FDC-42A3-9474-1A3956D46DE8}") = "Solution Items", "Solution Items", "{45D1ACF8-A2D4-4152-B11C-41C42F948658}"
	ProjectSection(SolutionItems) = preProject
		.gitignore = .gitignore
		.github\workflows\CI.yml = .github\workflows\CI.yml
		.github\workflows\Deploy.yml = .github\workflows\Deploy.yml
		README.md = README.md
		ShaclService.ruleset = ShaclService.ruleset
	EndProjectSection
EndProject
Project("{9A19103F-16F7-4668-BE54-9A1E7A4F7556}") = "ShaclServiceTests", "ShaclServiceTests\ShaclServiceTests.csproj", "{C52A2BC4-612D-4525-BCA5-ED29AFAD7BAC}"
EndProject
Global
	GlobalSection(SolutionConfigurationPlatforms) = preSolution
		Debug|Any CPU = Debug|Any CPU
		Release|Any CPU = Release|Any CPU
	EndGlobalSection
	GlobalSection(ProjectConfigurationPlatforms) = postSolution
		{A89C1B07-127F-4BC3-B421-EB918CCCE0E3}.Debug|Any CPU.ActiveCfg = Debug|Any CPU
		{A89C1B07-127F-4BC3-B421-EB918CCCE0E3}.Debug|Any CPU.Build.0 = Debug|Any CPU
		{A89C1B07-127F-4BC3-B421-EB918CCCE0E3}.Release|Any CPU.ActiveCfg = Release|Any CPU
		{A89C1B07-127F-4BC3-B421-EB918CCCE0E3}.Release|Any CPU.Build.0 = Release|Any CPU
		{C52A2BC4-612D-4525-BCA5-ED29AFAD7BAC}.Debug|Any CPU.ActiveCfg = Debug|Any CPU
		{C52A2BC4-612D-4525-BCA5-ED29AFAD7BAC}.Debug|Any CPU.Build.0 = Debug|Any CPU
		{C52A2BC4-612D-4525-BCA5-ED29AFAD7BAC}.Release|Any CPU.ActiveCfg = Release|Any CPU
		{C52A2BC4-612D-4525-BCA5-ED29AFAD7BAC}.Release|Any CPU.Build.0 = Release|Any CPU
	EndGlobalSection
	GlobalSection(SolutionProperties) = preSolution
		HideSolutionNode = FALSE
	EndGlobalSection
	GlobalSection(ExtensibilityGlobals) = postSolution
		SolutionGuid = {94872ED2-18EC-4CA1-B2A3-831FD078138A}
	EndGlobalSection
EndGlobal
