
Microsoft Visual Studio Solution File, Format Version 12.00
# Visual Studio Version 16
VisualStudioVersion = 16.0.28922.388
MinimumVisualStudioVersion = 10.0.40219.1
Project("{FAE04EC0-301F-11D3-BF4B-00C04F79EFBC}") = "ShaclService", "ShaclService\ShaclService.csproj", "{A89C1B07-127F-4BC3-B421-EB918CCCE0E3}"
EndProject
Global
	GlobalSection(SolutionConfigurationPlatforms) = preSolution
		Debug|Any CPU = Debug|Any CPU
		Release|Any CPU = Release|Any CPU
	EndGlobalSection
	GlobalSection(ProjectConfigurationPlatforms) = postSolution
		{A89C1B07-127F-4BC3-B421-EB918CCCE0E3}.Debug|Any CPU.ActiveCfg = Debug|Any CPU
		{A89C1B07-127F-4BC3-B421-EB918CCCE0E3}.Debug|Any CPU.Build.0 = Debug|Any CPU
		{A89C1B07-127F-4BC3-B421-EB918CCCE0E3}.Release|Any CPU.ActiveCfg = Release|Any CPU
		{A89C1B07-127F-4BC3-B421-EB918CCCE0E3}.Release|Any CPU.Build.0 = Release|Any CPU
	EndGlobalSection
	GlobalSection(SolutionProperties) = preSolution
		HideSolutionNode = FALSE
	EndGlobalSection
	GlobalSection(ExtensibilityGlobals) = postSolution
		SolutionGuid = {94872ED2-18EC-4CA1-B2A3-831FD078138A}
	EndGlobalSection
EndGlobal
